// !$*UTF8*$!
{
	archiveVersion = 1;
	classes = {
	};
	objectVersion = 46;
	objects = {

/* Begin PBXBuildFile section */
		8430B0BD1B109E4E009BAF61 /* main.m in Sources */ = {isa = PBXBuildFile; fileRef = 8430B0BC1B109E4E009BAF61 /* main.m */; };
		8430B0C01B109E4E009BAF61 /* AppDelegate.m in Sources */ = {isa = PBXBuildFile; fileRef = 8430B0BF1B109E4E009BAF61 /* AppDelegate.m */; };
		8430B0C31B109E4E009BAF61 /* ObjectiveC2_Lesson6.xcdatamodeld in Sources */ = {isa = PBXBuildFile; fileRef = 8430B0C11B109E4E009BAF61 /* ObjectiveC2_Lesson6.xcdatamodeld */; };
		8430B0C61B109E4E009BAF61 /* ViewController.m in Sources */ = {isa = PBXBuildFile; fileRef = 8430B0C51B109E4E009BAF61 /* ViewController.m */; };
		8430B0C91B109E4E009BAF61 /* Main.storyboard in Resources */ = {isa = PBXBuildFile; fileRef = 8430B0C71B109E4E009BAF61 /* Main.storyboard */; };
		8430B0CB1B109E4E009BAF61 /* Images.xcassets in Resources */ = {isa = PBXBuildFile; fileRef = 8430B0CA1B109E4E009BAF61 /* Images.xcassets */; };
		8430B0CE1B109E4E009BAF61 /* LaunchScreen.xib in Resources */ = {isa = PBXBuildFile; fileRef = 8430B0CC1B109E4E009BAF61 /* LaunchScreen.xib */; };
		8430B0DA1B109E4E009BAF61 /* ObjectiveC2_Lesson6Tests.m in Sources */ = {isa = PBXBuildFile; fileRef = 8430B0D91B109E4E009BAF61 /* ObjectiveC2_Lesson6Tests.m */; };
/* End PBXBuildFile section */

/* Begin PBXContainerItemProxy section */
		8430B0D41B109E4E009BAF61 /* PBXContainerItemProxy */ = {
			isa = PBXContainerItemProxy;
			containerPortal = 8430B0AF1B109E4E009BAF61 /* Project object */;
			proxyType = 1;
			remoteGlobalIDString = 8430B0B61B109E4E009BAF61;
			remoteInfo = ObjectiveC2_Lesson6;
		};
/* End PBXContainerItemProxy section */

/* Begin PBXFileReference section */
		8430B0B71B109E4E009BAF61 /* ObjectiveC2_Lesson6.app */ = {isa = PBXFileReference; explicitFileType = wrapper.application; includeInIndex = 0; path = ObjectiveC2_Lesson6.app; sourceTree = BUILT_PRODUCTS_DIR; };
		8430B0BB1B109E4E009BAF61 /* Info.plist */ = {isa = PBXFileReference; lastKnownFileType = text.plist.xml; path = Info.plist; sourceTree = "<group>"; };
		8430B0BC1B109E4E009BAF61 /* main.m */ = {isa = PBXFileReference; lastKnownFileType = sourcecode.c.objc; path = main.m; sourceTree = "<group>"; };
		8430B0BE1B109E4E009BAF61 /* AppDelegate.h */ = {isa = PBXFileReference; lastKnownFileType = sourcecode.c.h; path = AppDelegate.h; sourceTree = "<group>"; };
		8430B0BF1B109E4E009BAF61 /* AppDelegate.m */ = {isa = PBXFileReference; lastKnownFileType = sourcecode.c.objc; path = AppDelegate.m; sourceTree = "<group>"; };
		8430B0C21B109E4E009BAF61 /* ObjectiveC2_Lesson6.xcdatamodel */ = {isa = PBXFileReference; lastKnownFileType = wrapper.xcdatamodel; path = ObjectiveC2_Lesson6.xcdatamodel; sourceTree = "<group>"; };
		8430B0C41B109E4E009BAF61 /* ViewController.h */ = {isa = PBXFileReference; lastKnownFileType = sourcecode.c.h; path = ViewController.h; sourceTree = "<group>"; };
		8430B0C51B109E4E009BAF61 /* ViewController.m */ = {isa = PBXFileReference; lastKnownFileType = sourcecode.c.objc; path = ViewController.m; sourceTree = "<group>"; };
		8430B0C81B109E4E009BAF61 /* Base */ = {isa = PBXFileReference; lastKnownFileType = file.storyboard; name = Base; path = Base.lproj/Main.storyboard; sourceTree = "<group>"; };
		8430B0CA1B109E4E009BAF61 /* Images.xcassets */ = {isa = PBXFileReference; lastKnownFileType = folder.assetcatalog; path = Images.xcassets; sourceTree = "<group>"; };
		8430B0CD1B109E4E009BAF61 /* Base */ = {isa = PBXFileReference; lastKnownFileType = file.xib; name = Base; path = Base.lproj/LaunchScreen.xib; sourceTree = "<group>"; };
		8430B0D31B109E4E009BAF61 /* ObjectiveC2_Lesson6Tests.xctest */ = {isa = PBXFileReference; explicitFileType = wrapper.cfbundle; includeInIndex = 0; path = ObjectiveC2_Lesson6Tests.xctest; sourceTree = BUILT_PRODUCTS_DIR; };
		8430B0D81B109E4E009BAF61 /* Info.plist */ = {isa = PBXFileReference; lastKnownFileType = text.plist.xml; path = Info.plist; sourceTree = "<group>"; };
		8430B0D91B109E4E009BAF61 /* ObjectiveC2_Lesson6Tests.m */ = {isa = PBXFileReference; lastKnownFileType = sourcecode.c.objc; path = ObjectiveC2_Lesson6Tests.m; sourceTree = "<group>"; };
/* End PBXFileReference section */

/* Begin PBXFrameworksBuildPhase section */
		8430B0B41B109E4E009BAF61 /* Frameworks */ = {
			isa = PBXFrameworksBuildPhase;
			buildActionMask = 2147483647;
			files = (
			);
			runOnlyForDeploymentPostprocessing = 0;
		};
		8430B0D01B109E4E009BAF61 /* Frameworks */ = {
			isa = PBXFrameworksBuildPhase;
			buildActionMask = 2147483647;
			files = (
			);
			runOnlyForDeploymentPostprocessing = 0;
		};
/* End PBXFrameworksBuildPhase section */

/* Begin PBXGroup section */
		8430B0AE1B109E4E009BAF61 = {
			isa = PBXGroup;
			children = (
				8430B0B91B109E4E009BAF61 /* ObjectiveC2_Lesson6 */,
				8430B0D61B109E4E009BAF61 /* ObjectiveC2_Lesson6Tests */,
				8430B0B81B109E4E009BAF61 /* Products */,
			);
			sourceTree = "<group>";
		};
		8430B0B81B109E4E009BAF61 /* Products */ = {
			isa = PBXGroup;
			children = (
				8430B0B71B109E4E009BAF61 /* ObjectiveC2_Lesson6.app */,
				8430B0D31B109E4E009BAF61 /* ObjectiveC2_Lesson6Tests.xctest */,
			);
			name = Products;
			sourceTree = "<group>";
		};
		8430B0B91B109E4E009BAF61 /* ObjectiveC2_Lesson6 */ = {
			isa = PBXGroup;
			children = (
				8430B0BE1B109E4E009BAF61 /* AppDelegate.h */,
				8430B0BF1B109E4E009BAF61 /* AppDelegate.m */,
				8430B0C41B109E4E009BAF61 /* ViewController.h */,
				8430B0C51B109E4E009BAF61 /* ViewController.m */,
				8430B0C71B109E4E009BAF61 /* Main.storyboard */,
				8430B0CA1B109E4E009BAF61 /* Images.xcassets */,
				8430B0CC1B109E4E009BAF61 /* LaunchScreen.xib */,
				8430B0C11B109E4E009BAF61 /* ObjectiveC2_Lesson6.xcdatamodeld */,
				8430B0BA1B109E4E009BAF61 /* Supporting Files */,
			);
			path = ObjectiveC2_Lesson6;
			sourceTree = "<group>";
		};
		8430B0BA1B109E4E009BAF61 /* Supporting Files */ = {
			isa = PBXGroup;
			children = (
				8430B0BB1B109E4E009BAF61 /* Info.plist */,
				8430B0BC1B109E4E009BAF61 /* main.m */,
			);
			name = "Supporting Files";
			sourceTree = "<group>";
		};
		8430B0D61B109E4E009BAF61 /* ObjectiveC2_Lesson6Tests */ = {
			isa = PBXGroup;
			children = (
				8430B0D91B109E4E009BAF61 /* ObjectiveC2_Lesson6Tests.m */,
				8430B0D71B109E4E009BAF61 /* Supporting Files */,
			);
			path = ObjectiveC2_Lesson6Tests;
			sourceTree = "<group>";
		};
		8430B0D71B109E4E009BAF61 /* Supporting Files */ = {
			isa = PBXGroup;
			children = (
				8430B0D81B109E4E009BAF61 /* Info.plist */,
			);
			name = "Supporting Files";
			sourceTree = "<group>";
		};
/* End PBXGroup section */

/* Begin PBXNativeTarget section */
		8430B0B61B109E4E009BAF61 /* ObjectiveC2_Lesson6 */ = {
			isa = PBXNativeTarget;
			buildConfigurationList = 8430B0DD1B109E4E009BAF61 /* Build configuration list for PBXNativeTarget "ObjectiveC2_Lesson6" */;
			buildPhases = (
				8430B0B31B109E4E009BAF61 /* Sources */,
				8430B0B41B109E4E009BAF61 /* Frameworks */,
				8430B0B51B109E4E009BAF61 /* Resources */,
			);
			buildRules = (
			);
			dependencies = (
			);
			name = ObjectiveC2_Lesson6;
			productName = ObjectiveC2_Lesson6;
			productReference = 8430B0B71B109E4E009BAF61 /* ObjectiveC2_Lesson6.app */;
			productType = "com.apple.product-type.application";
		};
		8430B0D21B109E4E009BAF61 /* ObjectiveC2_Lesson6Tests */ = {
			isa = PBXNativeTarget;
			buildConfigurationList = 8430B0E01B109E4E009BAF61 /* Build configuration list for PBXNativeTarget "ObjectiveC2_Lesson6Tests" */;
			buildPhases = (
				8430B0CF1B109E4E009BAF61 /* Sources */,
				8430B0D01B109E4E009BAF61 /* Frameworks */,
				8430B0D11B109E4E009BAF61 /* Resources */,
			);
			buildRules = (
			);
			dependencies = (
				8430B0D51B109E4E009BAF61 /* PBXTargetDependency */,
			);
			name = ObjectiveC2_Lesson6Tests;
			productName = ObjectiveC2_Lesson6Tests;
			productReference = 8430B0D31B109E4E009BAF61 /* ObjectiveC2_Lesson6Tests.xctest */;
			productType = "com.apple.product-type.bundle.unit-test";
		};
/* End PBXNativeTarget section */

/* Begin PBXProject section */
		8430B0AF1B109E4E009BAF61 /* Project object */ = {
			isa = PBXProject;
			attributes = {
				LastUpgradeCheck = 0620;
				ORGANIZATIONNAME = "Mariya Beketova";
				TargetAttributes = {
					8430B0B61B109E4E009BAF61 = {
						CreatedOnToolsVersion = 6.2;
					};
					8430B0D21B109E4E009BAF61 = {
						CreatedOnToolsVersion = 6.2;
						TestTargetID = 8430B0B61B109E4E009BAF61;
					};
				};
			};
			buildConfigurationList = 8430B0B21B109E4E009BAF61 /* Build configuration list for PBXProject "ObjectiveC2_Lesson6" */;
			compatibilityVersion = "Xcode 3.2";
			developmentRegion = English;
			hasScannedForEncodings = 0;
			knownRegions = (
				en,
				Base,
			);
			mainGroup = 8430B0AE1B109E4E009BAF61;
			productRefGroup = 8430B0B81B109E4E009BAF61 /* Products */;
			projectDirPath = "";
			projectRoot = "";
			targets = (
				8430B0B61B109E4E009BAF61 /* ObjectiveC2_Lesson6 */,
				8430B0D21B109E4E009BAF61 /* ObjectiveC2_Lesson6Tests */,
			);
		};
/* End PBXProject section */

/* Begin PBXResourcesBuildPhase section */
		8430B0B51B109E4E009BAF61 /* Resources */ = {
			isa = PBXResourcesBuildPhase;
			buildActionMask = 2147483647;
			files = (
				8430B0C91B109E4E009BAF61 /* Main.storyboard in Resources */,
				8430B0CE1B109E4E009BAF61 /* LaunchScreen.xib in Resources */,
				8430B0CB1B109E4E009BAF61 /* Images.xcassets in Resources */,
			);
			runOnlyForDeploymentPostprocessing = 0;
		};
		8430B0D11B109E4E009BAF61 /* Resources */ = {
			isa = PBXResourcesBuildPhase;
			buildActionMask = 2147483647;
			files = (
			);
			runOnlyForDeploymentPostprocessing = 0;
		};
/* End PBXResourcesBuildPhase section */

/* Begin PBXSourcesBuildPhase section */
		8430B0B31B109E4E009BAF61 /* Sources */ = {
			isa = PBXSourcesBuildPhase;
			buildActionMask = 2147483647;
			files = (
				8430B0C01B109E4E009BAF61 /* AppDelegate.m in Sources */,
				8430B0BD1B109E4E009BAF61 /* main.m in Sources */,
				8430B0C61B109E4E009BAF61 /* ViewController.m in Sources */,
				8430B0C31B109E4E009BAF61 /* ObjectiveC2_Lesson6.xcdatamodeld in Sources */,
			);
			runOnlyForDeploymentPostprocessing = 0;
		};
		8430B0CF1B109E4E009BAF61 /* Sources */ = {
			isa = PBXSourcesBuildPhase;
			buildActionMask = 2147483647;
			files = (
				8430B0DA1B109E4E009BAF61 /* ObjectiveC2_Lesson6Tests.m in Sources */,
			);
			runOnlyForDeploymentPostprocessing = 0;
		};
/* End PBXSourcesBuildPhase section */

/* Begin PBXTargetDependency section */
		8430B0D51B109E4E009BAF61 /* PBXTargetDependency */ = {
			isa = PBXTargetDependency;
			target = 8430B0B61B109E4E009BAF61 /* ObjectiveC2_Lesson6 */;
			targetProxy = 8430B0D41B109E4E009BAF61 /* PBXContainerItemProxy */;
		};
/* End PBXTargetDependency section */

/* Begin PBXVariantGroup section */
		8430B0C71B109E4E009BAF61 /* Main.storyboard */ = {
			isa = PBXVariantGroup;
			children = (
				8430B0C81B109E4E009BAF61 /* Base */,
			);
			name = Main.storyboard;
			sourceTree = "<group>";
		};
		8430B0CC1B109E4E009BAF61 /* LaunchScreen.xib */ = {
			isa = PBXVariantGroup;
			children = (
				8430B0CD1B109E4E009BAF61 /* Base */,
			);
			name = LaunchScreen.xib;
			sourceTree = "<group>";
		};
/* End PBXVariantGroup section */

/* Begin XCBuildConfiguration section */
		8430B0DB1B109E4E009BAF61 /* Debug */ = {
			isa = XCBuildConfiguration;
			buildSettings = {
				ALWAYS_SEARCH_USER_PATHS = NO;
				CLANG_CXX_LANGUAGE_STANDARD = "gnu++0x";
				CLANG_CXX_LIBRARY = "libc++";
				CLANG_ENABLE_MODULES = YES;
				CLANG_ENABLE_OBJC_ARC = YES;
				CLANG_WARN_BOOL_CONVERSION = YES;
				CLANG_WARN_CONSTANT_CONVERSION = YES;
				CLANG_WARN_DIRECT_OBJC_ISA_USAGE = YES_ERROR;
				CLANG_WARN_EMPTY_BODY = YES;
				CLANG_WARN_ENUM_CONVERSION = YES;
				CLANG_WARN_INT_CONVERSION = YES;
				CLANG_WARN_OBJC_ROOT_CLASS = YES_ERROR;
				CLANG_WARN_UNREACHABLE_CODE = YES;
				CLANG_WARN__DUPLICATE_METHOD_MATCH = YES;
				"CODE_SIGN_IDENTITY[sdk=iphoneos*]" = "iPhone Developer";
				COPY_PHASE_STRIP = NO;
				ENABLE_STRICT_OBJC_MSGSEND = YES;
				GCC_C_LANGUAGE_STANDARD = gnu99;
				GCC_DYNAMIC_NO_PIC = NO;
				GCC_OPTIMIZATION_LEVEL = 0;
				GCC_PREPROCESSOR_DEFINITIONS = (
					"DEBUG=1",
					"$(inherited)",
				);
				GCC_SYMBOLS_PRIVATE_EXTERN = NO;
				GCC_WARN_64_TO_32_BIT_CONVERSION = YES;
				GCC_WARN_ABOUT_RETURN_TYPE = YES_ERROR;
				GCC_WARN_UNDECLARED_SELECTOR = YES;
				GCC_WARN_UNINITIALIZED_AUTOS = YES_AGGRESSIVE;
				GCC_WARN_UNUSED_FUNCTION = YES;
				GCC_WARN_UNUSED_VARIABLE = YES;
				IPHONEOS_DEPLOYMENT_TARGET = 8.2;
				MTL_ENABLE_DEBUG_INFO = YES;
				ONLY_ACTIVE_ARCH = YES;
				SDKROOT = iphoneos;
				TARGETED_DEVICE_FAMILY = "1,2";
			};
			name = Debug;
		};
		8430B0DC1B109E4E009BAF61 /* Release */ = {
			isa = XCBuildConfiguration;
			buildSettings = {
				ALWAYS_SEARCH_USER_PATHS = NO;
				CLANG_CXX_LANGUAGE_STANDARD = "gnu++0x";
				CLANG_CXX_LIBRARY = "libc++";
				CLANG_ENABLE_MODULES = YES;
				CLANG_ENABLE_OBJC_ARC = YES;
				CLANG_WARN_BOOL_CONVERSION = YES;
				CLANG_WARN_CONSTANT_CONVERSION = YES;
				CLANG_WARN_DIRECT_OBJC_ISA_USAGE = YES_ERROR;
				CLANG_WARN_EMPTY_BODY = YES;
				CLANG_WARN_ENUM_CONVERSION = YES;
				CLANG_WARN_INT_CONVERSION = YES;
				CLANG_WARN_OBJC_ROOT_CLASS = YES_ERROR;
				CLANG_WARN_UNREACHABLE_CODE = YES;
				CLANG_WARN__DUPLICATE_METHOD_MATCH = YES;
				"CODE_SIGN_IDENTITY[sdk=iphoneos*]" = "iPhone Developer";
				COPY_PHASE_STRIP = NO;
				ENABLE_NS_ASSERTIONS = NO;
				ENABLE_STRICT_OBJC_MSGSEND = YES;
				GCC_C_LANGUAGE_STANDARD = gnu99;
				GCC_WARN_64_TO_32_BIT_CONVERSION = YES;
				GCC_WARN_ABOUT_RETURN_TYPE = YES_ERROR;
				GCC_WARN_UNDECLARED_SELECTOR = YES;
				GCC_WARN_UNINITIALIZED_AUTOS = YES_AGGRESSIVE;
				GCC_WARN_UNUSED_FUNCTION = YES;
				GCC_WARN_UNUSED_VARIABLE = YES;
				IPHONEOS_DEPLOYMENT_TARGET = 8.2;
				MTL_ENABLE_DEBUG_INFO = NO;
				SDKROOT = iphoneos;
				TARGETED_DEVICE_FAMILY = "1,2";
				VALIDATE_PRODUCT = YES;
			};
			name = Release;
		};
		8430B0DE1B109E4E009BAF61 /* Debug */ = {
			isa = XCBuildConfiguration;
			buildSettings = {
				ASSETCATALOG_COMPILER_APPICON_NAME = AppIcon;
				INFOPLIST_FILE = ObjectiveC2_Lesson6/Info.plist;
				LD_RUNPATH_SEARCH_PATHS = "$(inherited) @executable_path/Frameworks";
				PRODUCT_NAME = "$(TARGET_NAME)";
			};
			name = Debug;
		};
		8430B0DF1B109E4E009BAF61 /* Release */ = {
			isa = XCBuildConfiguration;
			buildSettings = {
				ASSETCATALOG_COMPILER_APPICON_NAME = AppIcon;
				INFOPLIST_FILE = ObjectiveC2_Lesson6/Info.plist;
				LD_RUNPATH_SEARCH_PATHS = "$(inherited) @executable_path/Frameworks";
				PRODUCT_NAME = "$(TARGET_NAME)";
			};
			name = Release;
		};
		8430B0E11B109E4E009BAF61 /* Debug */ = {
			isa = XCBuildConfiguration;
			buildSettings = {
				BUNDLE_LOADER = "$(TEST_HOST)";
				FRAMEWORK_SEARCH_PATHS = (
					"$(SDKROOT)/Developer/Library/Frameworks",
					"$(inherited)",
				);
				GCC_PREPROCESSOR_DEFINITIONS = (
					"DEBUG=1",
					"$(inherited)",
				);
				INFOPLIST_FILE = ObjectiveC2_Lesson6Tests/Info.plist;
				LD_RUNPATH_SEARCH_PATHS = "$(inherited) @executable_path/Frameworks @loader_path/Frameworks";
				PRODUCT_NAME = "$(TARGET_NAME)";
				TEST_HOST = "$(BUILT_PRODUCTS_DIR)/ObjectiveC2_Lesson6.app/ObjectiveC2_Lesson6";
			};
			name = Debug;
		};
		8430B0E21B109E4E009BAF61 /* Release */ = {
			isa = XCBuildConfiguration;
			buildSettings = {
				BUNDLE_LOADER = "$(TEST_HOST)";
				FRAMEWORK_SEARCH_PATHS = (
					"$(SDKROOT)/Developer/Library/Frameworks",
					"$(inherited)",
				);
				INFOPLIST_FILE = ObjectiveC2_Lesson6Tests/Info.plist;
				LD_RUNPATH_SEARCH_PATHS = "$(inherited) @executable_path/Frameworks @loader_path/Frameworks";
				PRODUCT_NAME = "$(TARGET_NAME)";
				TEST_HOST = "$(BUILT_PRODUCTS_DIR)/ObjectiveC2_Lesson6.app/ObjectiveC2_Lesson6";
			};
			name = Release;
		};
/* End XCBuildConfiguration section */

/* Begin XCConfigurationList section */
		8430B0B21B109E4E009BAF61 /* Build configuration list for PBXProject "ObjectiveC2_Lesson6" */ = {
			isa = XCConfigurationList;
			buildConfigurations = (
				8430B0DB1B109E4E009BAF61 /* Debug */,
				8430B0DC1B109E4E009BAF61 /* Release */,
			);
			defaultConfigurationIsVisible = 0;
			defaultConfigurationName = Release;
		};
		8430B0DD1B109E4E009BAF61 /* Build configuration list for PBXNativeTarget "ObjectiveC2_Lesson6" */ = {
			isa = XCConfigurationList;
			buildConfigurations = (
				8430B0DE1B109E4E009BAF61 /* Debug */,
				8430B0DF1B109E4E009BAF61 /* Release */,
			);
			defaultConfigurationIsVisible = 0;
		};
		8430B0E01B109E4E009BAF61 /* Build configuration list for PBXNativeTarget "ObjectiveC2_Lesson6Tests" */ = {
			isa = XCConfigurationList;
			buildConfigurations = (
				8430B0E11B109E4E009BAF61 /* Debug */,
				8430B0E21B109E4E009BAF61 /* Release */,
			);
			defaultConfigurationIsVisible = 0;
		};
/* End XCConfigurationList section */

/* Begin XCVersionGroup section */
		8430B0C11B109E4E009BAF61 /* ObjectiveC2_Lesson6.xcdatamodeld */ = {
			isa = XCVersionGroup;
			children = (
				8430B0C21B109E4E009BAF61 /* ObjectiveC2_Lesson6.xcdatamodel */,
			);
			currentVersion = 8430B0C21B109E4E009BAF61 /* ObjectiveC2_Lesson6.xcdatamodel */;
			path = ObjectiveC2_Lesson6.xcdatamodeld;
			sourceTree = "<group>";
			versionGroupType = wrapper.xcdatamodel;
		};
/* End XCVersionGroup section */
	};
	rootObject = 8430B0AF1B109E4E009BAF61 /* Project object */;
}
